
Microsoft Visual Studio Solution File, Format Version 12.00
# Visual Studio Version 17
VisualStudioVersion = 17.6.33829.357
MinimumVisualStudioVersion = 10.0.40219.1
Project("{FAE04EC0-301F-11D3-BF4B-00C04F79EFBC}") = "Aula01", "Aula01\Aula01.csproj", "{3D0E2C06-B6DF-40FE-8237-6B86BABA2EE1}"
EndProject
Global
	GlobalSection(SolutionConfigurationPlatforms) = preSolution
		Debug|Any CPU = Debug|Any CPU
		Release|Any CPU = Release|Any CPU
	EndGlobalSection
	GlobalSection(ProjectConfigurationPlatforms) = postSolution
		{3D0E2C06-B6DF-40FE-8237-6B86BABA2EE1}.Debug|Any CPU.ActiveCfg = Debug|Any CPU
		{3D0E2C06-B6DF-40FE-8237-6B86BABA2EE1}.Debug|Any CPU.Build.0 = Debug|Any CPU
		{3D0E2C06-B6DF-40FE-8237-6B86BABA2EE1}.Release|Any CPU.ActiveCfg = Release|Any CPU
		{3D0E2C06-B6DF-40FE-8237-6B86BABA2EE1}.Release|Any CPU.Build.0 = Release|Any CPU
	EndGlobalSection
	GlobalSection(SolutionProperties) = preSolution
		HideSolutionNode = FALSE
	EndGlobalSection
	GlobalSection(ExtensibilityGlobals) = postSolution
		SolutionGuid = {4C784A1E-B7FE-482B-805C-1B2D0A543C39}
	EndGlobalSection
EndGlobal
