
Microsoft Visual Studio Solution File, Format Version 12.00
# Visual Studio Version 17
VisualStudioVersion = 17.6.33829.357
MinimumVisualStudioVersion = 10.0.40219.1
Project("{FAE04EC0-301F-11D3-BF4B-00C04F79EFBC}") = "Aula 02 - Dapper", "Aula 02 - Dapper\Aula 02 - Dapper.csproj", "{09CB4F46-350B-4DDD-A546-83A19DA0CD9D}"
EndProject
Global
	GlobalSection(SolutionConfigurationPlatforms) = preSolution
		Debug|Any CPU = Debug|Any CPU
		Release|Any CPU = Release|Any CPU
	EndGlobalSection
	GlobalSection(ProjectConfigurationPlatforms) = postSolution
		{09CB4F46-350B-4DDD-A546-83A19DA0CD9D}.Debug|Any CPU.ActiveCfg = Debug|Any CPU
		{09CB4F46-350B-4DDD-A546-83A19DA0CD9D}.Debug|Any CPU.Build.0 = Debug|Any CPU
		{09CB4F46-350B-4DDD-A546-83A19DA0CD9D}.Release|Any CPU.ActiveCfg = Release|Any CPU
		{09CB4F46-350B-4DDD-A546-83A19DA0CD9D}.Release|Any CPU.Build.0 = Release|Any CPU
	EndGlobalSection
	GlobalSection(SolutionProperties) = preSolution
		HideSolutionNode = FALSE
	EndGlobalSection
	GlobalSection(ExtensibilityGlobals) = postSolution
		SolutionGuid = {C97BA090-9B49-4FB9-88B9-128CC5954C66}
	EndGlobalSection
EndGlobal
